
Microsoft Visual Studio Solution File, Format Version 12.00
# Visual Studio Version 16
VisualStudioVersion = 16.0.30523.141
MinimumVisualStudioVersion = 10.0.40219.1
Project("{8BC9CEB8-8B4A-11D0-8D11-00A0C91BC942}") = "xBase", "xBase\xBase.vcxproj", "{3565E949-6742-467A-9828-01D0EBAC348C}"
EndProject
Global
	GlobalSection(SolutionConfigurationPlatforms) = preSolution
		Debug|x64 = Debug|x64
		Debug|x86 = Debug|x86
		Release|x64 = Release|x64
		Release|x86 = Release|x86
	EndGlobalSection
	GlobalSection(ProjectConfigurationPlatforms) = postSolution
		{3565E949-6742-467A-9828-01D0EBAC348C}.Debug|x64.ActiveCfg = Debug|x64
		{3565E949-6742-467A-9828-01D0EBAC348C}.Debug|x64.Build.0 = Debug|x64
		{3565E949-6742-467A-9828-01D0EBAC348C}.Debug|x86.ActiveCfg = Debug|Win32
		{3565E949-6742-467A-9828-01D0EBAC348C}.Debug|x86.Build.0 = Debug|Win32
		{3565E949-6742-467A-9828-01D0EBAC348C}.Release|x64.ActiveCfg = Release|x64
		{3565E949-6742-467A-9828-01D0EBAC348C}.Release|x64.Build.0 = Release|x64
		{3565E949-6742-467A-9828-01D0EBAC348C}.Release|x86.ActiveCfg = Release|Win32
		{3565E949-6742-467A-9828-01D0EBAC348C}.Release|x86.Build.0 = Release|Win32
	EndGlobalSection
	GlobalSection(SolutionProperties) = preSolution
		HideSolutionNode = FALSE
	EndGlobalSection
	GlobalSection(ExtensibilityGlobals) = postSolution
		SolutionGuid = {F7B075B7-1DBC-43DF-BB35-81B3A9315A12}
	EndGlobalSection
EndGlobal
